
Microsoft Visual Studio Solution File, Format Version 12.00
# Visual Studio 15
VisualStudioVersion = 15.0.28307.421
MinimumVisualStudioVersion = 10.0.40219.1
Project("{FAE04EC0-301F-11D3-BF4B-00C04F79EFBC}") = "ConnectivityCheck.Android", "ConnectivityCheck\ConnectivityCheck.Android\ConnectivityCheck.Android.csproj", "{DA7BEA40-BE30-4F6A-926D-CAC2DF6B81BF}"
EndProject
Project("{FAE04EC0-301F-11D3-BF4B-00C04F79EFBC}") = "ConnectivityCheck.iOS", "ConnectivityCheck\ConnectivityCheck.iOS\ConnectivityCheck.iOS.csproj", "{5C2154B0-C15B-45D2-8004-0DDDB07B53C3}"
EndProject
Project("{FAE04EC0-301F-11D3-BF4B-00C04F79EFBC}") = "ConnectivityCheck", "ConnectivityCheck\ConnectivityCheck\ConnectivityCheck.csproj", "{13D21CD0-926F-426F-B2D2-F78FF5314B93}"
EndProject
Global
	GlobalSection(SolutionConfigurationPlatforms) = preSolution
		Ad-Hoc|Any CPU = Ad-Hoc|Any CPU
		Ad-Hoc|iPhone = Ad-Hoc|iPhone
		Ad-Hoc|iPhoneSimulator = Ad-Hoc|iPhoneSimulator
		AppStore|Any CPU = AppStore|Any CPU
		AppStore|iPhone = AppStore|iPhone
		AppStore|iPhoneSimulator = AppStore|iPhoneSimulator
		Debug|Any CPU = Debug|Any CPU
		Debug|iPhone = Debug|iPhone
		Debug|iPhoneSimulator = Debug|iPhoneSimulator
		Release|Any CPU = Release|Any CPU
		Release|iPhone = Release|iPhone
		Release|iPhoneSimulator = Release|iPhoneSimulator
	EndGlobalSection
	GlobalSection(ProjectConfigurationPlatforms) = postSolution
		{DA7BEA40-BE30-4F6A-926D-CAC2DF6B81BF}.Ad-Hoc|Any CPU.ActiveCfg = Release|Any CPU
		{DA7BEA40-BE30-4F6A-926D-CAC2DF6B81BF}.Ad-Hoc|Any CPU.Build.0 = Release|Any CPU
		{DA7BEA40-BE30-4F6A-926D-CAC2DF6B81BF}.Ad-Hoc|Any CPU.Deploy.0 = Release|Any CPU
		{DA7BEA40-BE30-4F6A-926D-CAC2DF6B81BF}.Ad-Hoc|iPhone.ActiveCfg = Release|Any CPU
		{DA7BEA40-BE30-4F6A-926D-CAC2DF6B81BF}.Ad-Hoc|iPhone.Build.0 = Release|Any CPU
		{DA7BEA40-BE30-4F6A-926D-CAC2DF6B81BF}.Ad-Hoc|iPhone.Deploy.0 = Release|Any CPU
		{DA7BEA40-BE30-4F6A-926D-CAC2DF6B81BF}.Ad-Hoc|iPhoneSimulator.ActiveCfg = Release|Any CPU
		{DA7BEA40-BE30-4F6A-926D-CAC2DF6B81BF}.Ad-Hoc|iPhoneSimulator.Build.0 = Release|Any CPU
		{DA7BEA40-BE30-4F6A-926D-CAC2DF6B81BF}.Ad-Hoc|iPhoneSimulator.Deploy.0 = Release|Any CPU
		{DA7BEA40-BE30-4F6A-926D-CAC2DF6B81BF}.AppStore|Any CPU.ActiveCfg = Release|Any CPU
		{DA7BEA40-BE30-4F6A-926D-CAC2DF6B81BF}.AppStore|Any CPU.Build.0 = Release|Any CPU
		{DA7BEA40-BE30-4F6A-926D-CAC2DF6B81BF}.AppStore|Any CPU.Deploy.0 = Release|Any CPU
		{DA7BEA40-BE30-4F6A-926D-CAC2DF6B81BF}.AppStore|iPhone.ActiveCfg = Release|Any CPU
		{DA7BEA40-BE30-4F6A-926D-CAC2DF6B81BF}.AppStore|iPhone.Build.0 = Release|Any CPU
		{DA7BEA40-BE30-4F6A-926D-CAC2DF6B81BF}.AppStore|iPhone.Deploy.0 = Release|Any CPU
		{DA7BEA40-BE30-4F6A-926D-CAC2DF6B81BF}.AppStore|iPhoneSimulator.ActiveCfg = Release|Any CPU
		{DA7BEA40-BE30-4F6A-926D-CAC2DF6B81BF}.AppStore|iPhoneSimulator.Build.0 = Release|Any CPU
		{DA7BEA40-BE30-4F6A-926D-CAC2DF6B81BF}.AppStore|iPhoneSimulator.Deploy.0 = Release|Any CPU
		{DA7BEA40-BE30-4F6A-926D-CAC2DF6B81BF}.Debug|Any CPU.ActiveCfg = Debug|Any CPU
		{DA7BEA40-BE30-4F6A-926D-CAC2DF6B81BF}.Debug|Any CPU.Build.0 = Debug|Any CPU
		{DA7BEA40-BE30-4F6A-926D-CAC2DF6B81BF}.Debug|Any CPU.Deploy.0 = Debug|Any CPU
		{DA7BEA40-BE30-4F6A-926D-CAC2DF6B81BF}.Debug|iPhone.ActiveCfg = Debug|Any CPU
		{DA7BEA40-BE30-4F6A-926D-CAC2DF6B81BF}.Debug|iPhone.Build.0 = Debug|Any CPU
		{DA7BEA40-BE30-4F6A-926D-CAC2DF6B81BF}.Debug|iPhone.Deploy.0 = Debug|Any CPU
		{DA7BEA40-BE30-4F6A-926D-CAC2DF6B81BF}.Debug|iPhoneSimulator.ActiveCfg = Debug|Any CPU
		{DA7BEA40-BE30-4F6A-926D-CAC2DF6B81BF}.Debug|iPhoneSimulator.Build.0 = Debug|Any CPU
		{DA7BEA40-BE30-4F6A-926D-CAC2DF6B81BF}.Debug|iPhoneSimulator.Deploy.0 = Debug|Any CPU
		{DA7BEA40-BE30-4F6A-926D-CAC2DF6B81BF}.Release|Any CPU.ActiveCfg = Release|Any CPU
		{DA7BEA40-BE30-4F6A-926D-CAC2DF6B81BF}.Release|Any CPU.Build.0 = Release|Any CPU
		{DA7BEA40-BE30-4F6A-926D-CAC2DF6B81BF}.Release|Any CPU.Deploy.0 = Release|Any CPU
		{DA7BEA40-BE30-4F6A-926D-CAC2DF6B81BF}.Release|iPhone.ActiveCfg = Release|Any CPU
		{DA7BEA40-BE30-4F6A-926D-CAC2DF6B81BF}.Release|iPhone.Build.0 = Release|Any CPU
		{DA7BEA40-BE30-4F6A-926D-CAC2DF6B81BF}.Release|iPhone.Deploy.0 = Release|Any CPU
		{DA7BEA40-BE30-4F6A-926D-CAC2DF6B81BF}.Release|iPhoneSimulator.ActiveCfg = Release|Any CPU
		{DA7BEA40-BE30-4F6A-926D-CAC2DF6B81BF}.Release|iPhoneSimulator.Build.0 = Release|Any CPU
		{DA7BEA40-BE30-4F6A-926D-CAC2DF6B81BF}.Release|iPhoneSimulator.Deploy.0 = Release|Any CPU
		{5C2154B0-C15B-45D2-8004-0DDDB07B53C3}.Ad-Hoc|Any CPU.ActiveCfg = Ad-Hoc|iPhone
		{5C2154B0-C15B-45D2-8004-0DDDB07B53C3}.Ad-Hoc|Any CPU.Build.0 = Ad-Hoc|iPhone
		{5C2154B0-C15B-45D2-8004-0DDDB07B53C3}.Ad-Hoc|Any CPU.Deploy.0 = Ad-Hoc|iPhone
		{5C2154B0-C15B-45D2-8004-0DDDB07B53C3}.Ad-Hoc|iPhone.ActiveCfg = Ad-Hoc|iPhone
		{5C2154B0-C15B-45D2-8004-0DDDB07B53C3}.Ad-Hoc|iPhone.Build.0 = Ad-Hoc|iPhone
		{5C2154B0-C15B-45D2-8004-0DDDB07B53C3}.Ad-Hoc|iPhone.Deploy.0 = Ad-Hoc|iPhone
		{5C2154B0-C15B-45D2-8004-0DDDB07B53C3}.Ad-Hoc|iPhoneSimulator.ActiveCfg = Ad-Hoc|iPhoneSimulator
		{5C2154B0-C15B-45D2-8004-0DDDB07B53C3}.Ad-Hoc|iPhoneSimulator.Build.0 = Ad-Hoc|iPhoneSimulator
		{5C2154B0-C15B-45D2-8004-0DDDB07B53C3}.Ad-Hoc|iPhoneSimulator.Deploy.0 = Ad-Hoc|iPhoneSimulator
		{5C2154B0-C15B-45D2-8004-0DDDB07B53C3}.AppStore|Any CPU.ActiveCfg = AppStore|iPhone
		{5C2154B0-C15B-45D2-8004-0DDDB07B53C3}.AppStore|Any CPU.Build.0 = AppStore|iPhone
		{5C2154B0-C15B-45D2-8004-0DDDB07B53C3}.AppStore|Any CPU.Deploy.0 = AppStore|iPhone
		{5C2154B0-C15B-45D2-8004-0DDDB07B53C3}.AppStore|iPhone.ActiveCfg = AppStore|iPhone
		{5C2154B0-C15B-45D2-8004-0DDDB07B53C3}.AppStore|iPhone.Build.0 = AppStore|iPhone
		{5C2154B0-C15B-45D2-8004-0DDDB07B53C3}.AppStore|iPhone.Deploy.0 = AppStore|iPhone
		{5C2154B0-C15B-45D2-8004-0DDDB07B53C3}.AppStore|iPhoneSimulator.ActiveCfg = AppStore|iPhoneSimulator
		{5C2154B0-C15B-45D2-8004-0DDDB07B53C3}.AppStore|iPhoneSimulator.Build.0 = AppStore|iPhoneSimulator
		{5C2154B0-C15B-45D2-8004-0DDDB07B53C3}.AppStore|iPhoneSimulator.Deploy.0 = AppStore|iPhoneSimulator
		{5C2154B0-C15B-45D2-8004-0DDDB07B53C3}.Debug|Any CPU.ActiveCfg = Debug|iPhoneSimulator
		{5C2154B0-C15B-45D2-8004-0DDDB07B53C3}.Debug|Any CPU.Build.0 = Debug|iPhoneSimulator
		{5C2154B0-C15B-45D2-8004-0DDDB07B53C3}.Debug|Any CPU.Deploy.0 = Debug|iPhoneSimulator
		{5C2154B0-C15B-45D2-8004-0DDDB07B53C3}.Debug|iPhone.ActiveCfg = Debug|iPhone
		{5C2154B0-C15B-45D2-8004-0DDDB07B53C3}.Debug|iPhone.Build.0 = Debug|iPhone
		{5C2154B0-C15B-45D2-8004-0DDDB07B53C3}.Debug|iPhone.Deploy.0 = Debug|iPhone
		{5C2154B0-C15B-45D2-8004-0DDDB07B53C3}.Debug|iPhoneSimulator.ActiveCfg = Debug|iPhoneSimulator
		{5C2154B0-C15B-45D2-8004-0DDDB07B53C3}.Debug|iPhoneSimulator.Build.0 = Debug|iPhoneSimulator
		{5C2154B0-C15B-45D2-8004-0DDDB07B53C3}.Debug|iPhoneSimulator.Deploy.0 = Debug|iPhoneSimulator
		{5C2154B0-C15B-45D2-8004-0DDDB07B53C3}.Release|Any CPU.ActiveCfg = Release|iPhone
		{5C2154B0-C15B-45D2-8004-0DDDB07B53C3}.Release|Any CPU.Build.0 = Release|iPhone
		{5C2154B0-C15B-45D2-8004-0DDDB07B53C3}.Release|Any CPU.Deploy.0 = Release|iPhone
		{5C2154B0-C15B-45D2-8004-0DDDB07B53C3}.Release|iPhone.ActiveCfg = Release|iPhone
		{5C2154B0-C15B-45D2-8004-0DDDB07B53C3}.Release|iPhone.Build.0 = Release|iPhone
		{5C2154B0-C15B-45D2-8004-0DDDB07B53C3}.Release|iPhone.Deploy.0 = Release|iPhone
		{5C2154B0-C15B-45D2-8004-0DDDB07B53C3}.Release|iPhoneSimulator.ActiveCfg = Release|iPhoneSimulator
		{5C2154B0-C15B-45D2-8004-0DDDB07B53C3}.Release|iPhoneSimulator.Build.0 = Release|iPhoneSimulator
		{5C2154B0-C15B-45D2-8004-0DDDB07B53C3}.Release|iPhoneSimulator.Deploy.0 = Release|iPhoneSimulator
		{13D21CD0-926F-426F-B2D2-F78FF5314B93}.Ad-Hoc|Any CPU.ActiveCfg = Debug|Any CPU
		{13D21CD0-926F-426F-B2D2-F78FF5314B93}.Ad-Hoc|Any CPU.Build.0 = Debug|Any CPU
		{13D21CD0-926F-426F-B2D2-F78FF5314B93}.Ad-Hoc|Any CPU.Deploy.0 = Debug|Any CPU
		{13D21CD0-926F-426F-B2D2-F78FF5314B93}.Ad-Hoc|iPhone.ActiveCfg = Debug|Any CPU
		{13D21CD0-926F-426F-B2D2-F78FF5314B93}.Ad-Hoc|iPhone.Build.0 = Debug|Any CPU
		{13D21CD0-926F-426F-B2D2-F78FF5314B93}.Ad-Hoc|iPhone.Deploy.0 = Debug|Any CPU
		{13D21CD0-926F-426F-B2D2-F78FF5314B93}.Ad-Hoc|iPhoneSimulator.ActiveCfg = Debug|Any CPU
		{13D21CD0-926F-426F-B2D2-F78FF5314B93}.Ad-Hoc|iPhoneSimulator.Build.0 = Debug|Any CPU
		{13D21CD0-926F-426F-B2D2-F78FF5314B93}.Ad-Hoc|iPhoneSimulator.Deploy.0 = Debug|Any CPU
		{13D21CD0-926F-426F-B2D2-F78FF5314B93}.AppStore|Any CPU.ActiveCfg = Debug|Any CPU
		{13D21CD0-926F-426F-B2D2-F78FF5314B93}.AppStore|Any CPU.Build.0 = Debug|Any CPU
		{13D21CD0-926F-426F-B2D2-F78FF5314B93}.AppStore|Any CPU.Deploy.0 = Debug|Any CPU
		{13D21CD0-926F-426F-B2D2-F78FF5314B93}.AppStore|iPhone.ActiveCfg = Debug|Any CPU
		{13D21CD0-926F-426F-B2D2-F78FF5314B93}.AppStore|iPhone.Build.0 = Debug|Any CPU
		{13D21CD0-926F-426F-B2D2-F78FF5314B93}.AppStore|iPhone.Deploy.0 = Debug|Any CPU
		{13D21CD0-926F-426F-B2D2-F78FF5314B93}.AppStore|iPhoneSimulator.ActiveCfg = Debug|Any CPU
		{13D21CD0-926F-426F-B2D2-F78FF5314B93}.AppStore|iPhoneSimulator.Build.0 = Debug|Any CPU
		{13D21CD0-926F-426F-B2D2-F78FF5314B93}.AppStore|iPhoneSimulator.Deploy.0 = Debug|Any CPU
		{13D21CD0-926F-426F-B2D2-F78FF5314B93}.Debug|Any CPU.ActiveCfg = Debug|Any CPU
		{13D21CD0-926F-426F-B2D2-F78FF5314B93}.Debug|Any CPU.Build.0 = Debug|Any CPU
		{13D21CD0-926F-426F-B2D2-F78FF5314B93}.Debug|Any CPU.Deploy.0 = Debug|Any CPU
		{13D21CD0-926F-426F-B2D2-F78FF5314B93}.Debug|iPhone.ActiveCfg = Debug|Any CPU
		{13D21CD0-926F-426F-B2D2-F78FF5314B93}.Debug|iPhone.Build.0 = Debug|Any CPU
		{13D21CD0-926F-426F-B2D2-F78FF5314B93}.Debug|iPhone.Deploy.0 = Debug|Any CPU
		{13D21CD0-926F-426F-B2D2-F78FF5314B93}.Debug|iPhoneSimulator.ActiveCfg = Debug|Any CPU
		{13D21CD0-926F-426F-B2D2-F78FF5314B93}.Debug|iPhoneSimulator.Build.0 = Debug|Any CPU
		{13D21CD0-926F-426F-B2D2-F78FF5314B93}.Debug|iPhoneSimulator.Deploy.0 = Debug|Any CPU
		{13D21CD0-926F-426F-B2D2-F78FF5314B93}.Release|Any CPU.ActiveCfg = Release|Any CPU
		{13D21CD0-926F-426F-B2D2-F78FF5314B93}.Release|Any CPU.Build.0 = Release|Any CPU
		{13D21CD0-926F-426F-B2D2-F78FF5314B93}.Release|Any CPU.Deploy.0 = Release|Any CPU
		{13D21CD0-926F-426F-B2D2-F78FF5314B93}.Release|iPhone.ActiveCfg = Release|Any CPU
		{13D21CD0-926F-426F-B2D2-F78FF5314B93}.Release|iPhone.Build.0 = Release|Any CPU
		{13D21CD0-926F-426F-B2D2-F78FF5314B93}.Release|iPhone.Deploy.0 = Release|Any CPU
		{13D21CD0-926F-426F-B2D2-F78FF5314B93}.Release|iPhoneSimulator.ActiveCfg = Release|Any CPU
		{13D21CD0-926F-426F-B2D2-F78FF5314B93}.Release|iPhoneSimulator.Build.0 = Release|Any CPU
		{13D21CD0-926F-426F-B2D2-F78FF5314B93}.Release|iPhoneSimulator.Deploy.0 = Release|Any CPU
	EndGlobalSection
	GlobalSection(SolutionProperties) = preSolution
		HideSolutionNode = FALSE
	EndGlobalSection
	GlobalSection(ExtensibilityGlobals) = postSolution
		SolutionGuid = {E70CA98D-A8E0-4A81-9063-A9AE5C00A18D}
	EndGlobalSection
EndGlobal
